
Microsoft Visual Studio Solution File, Format Version 12.00
# Visual Studio Version 16
VisualStudioVersion = 16.0.29123.88
MinimumVisualStudioVersion = 15.0.26124.0
Project("{9A19103F-16F7-4668-BE54-9A1E7A4F7556}") = "HelloCdk", "HelloCdk\HelloCdk.csproj", "{9402D861-5E15-4DF6-BB40-BBB4238367E7}"
EndProject
Project("{9A19103F-16F7-4668-BE54-9A1E7A4F7556}") = "HelloCdkLambda", "HelloCdkLambda\HelloCdkLambda.csproj", "{3185C65C-A834-4D4B-8562-E072F4C1CA8D}"
EndProject
Global
	GlobalSection(SolutionConfigurationPlatforms) = preSolution
		Debug|Any CPU = Debug|Any CPU
		Debug|x64 = Debug|x64
		Debug|x86 = Debug|x86
		Release|Any CPU = Release|Any CPU
		Release|x64 = Release|x64
		Release|x86 = Release|x86
	EndGlobalSection
	GlobalSection(ProjectConfigurationPlatforms) = postSolution
		{9402D861-5E15-4DF6-BB40-BBB4238367E7}.Debug|Any CPU.ActiveCfg = Debug|Any CPU
		{9402D861-5E15-4DF6-BB40-BBB4238367E7}.Debug|Any CPU.Build.0 = Debug|Any CPU
		{9402D861-5E15-4DF6-BB40-BBB4238367E7}.Debug|x64.ActiveCfg = Debug|Any CPU
		{9402D861-5E15-4DF6-BB40-BBB4238367E7}.Debug|x64.Build.0 = Debug|Any CPU
		{9402D861-5E15-4DF6-BB40-BBB4238367E7}.Debug|x86.ActiveCfg = Debug|Any CPU
		{9402D861-5E15-4DF6-BB40-BBB4238367E7}.Debug|x86.Build.0 = Debug|Any CPU
		{9402D861-5E15-4DF6-BB40-BBB4238367E7}.Release|Any CPU.ActiveCfg = Release|Any CPU
		{9402D861-5E15-4DF6-BB40-BBB4238367E7}.Release|Any CPU.Build.0 = Release|Any CPU
		{9402D861-5E15-4DF6-BB40-BBB4238367E7}.Release|x64.ActiveCfg = Release|Any CPU
		{9402D861-5E15-4DF6-BB40-BBB4238367E7}.Release|x64.Build.0 = Release|Any CPU
		{9402D861-5E15-4DF6-BB40-BBB4238367E7}.Release|x86.ActiveCfg = Release|Any CPU
		{9402D861-5E15-4DF6-BB40-BBB4238367E7}.Release|x86.Build.0 = Release|Any CPU
		{3185C65C-A834-4D4B-8562-E072F4C1CA8D}.Debug|Any CPU.ActiveCfg = Debug|Any CPU
		{3185C65C-A834-4D4B-8562-E072F4C1CA8D}.Debug|Any CPU.Build.0 = Debug|Any CPU
		{3185C65C-A834-4D4B-8562-E072F4C1CA8D}.Debug|x64.ActiveCfg = Debug|Any CPU
		{3185C65C-A834-4D4B-8562-E072F4C1CA8D}.Debug|x64.Build.0 = Debug|Any CPU
		{3185C65C-A834-4D4B-8562-E072F4C1CA8D}.Debug|x86.ActiveCfg = Debug|Any CPU
		{3185C65C-A834-4D4B-8562-E072F4C1CA8D}.Debug|x86.Build.0 = Debug|Any CPU
		{3185C65C-A834-4D4B-8562-E072F4C1CA8D}.Release|Any CPU.ActiveCfg = Release|Any CPU
		{3185C65C-A834-4D4B-8562-E072F4C1CA8D}.Release|Any CPU.Build.0 = Release|Any CPU
		{3185C65C-A834-4D4B-8562-E072F4C1CA8D}.Release|x64.ActiveCfg = Release|Any CPU
		{3185C65C-A834-4D4B-8562-E072F4C1CA8D}.Release|x64.Build.0 = Release|Any CPU
		{3185C65C-A834-4D4B-8562-E072F4C1CA8D}.Release|x86.ActiveCfg = Release|Any CPU
		{3185C65C-A834-4D4B-8562-E072F4C1CA8D}.Release|x86.Build.0 = Release|Any CPU
	EndGlobalSection
	GlobalSection(SolutionProperties) = preSolution
		HideSolutionNode = FALSE
	EndGlobalSection
	GlobalSection(ExtensibilityGlobals) = postSolution
		SolutionGuid = {C2BEFA9F-B57A-4A2A-B772-1549786CD155}
	EndGlobalSection
EndGlobal
